{
  "requires": true,
  "lockfileVersion": 1,
  "dependencies": {
    "slim-select": {
      "version": "1.26.0",
      "resolved": "https://registry.npmjs.org/slim-select/-/slim-select-1.26.0.tgz",
      "integrity": "sha512-yCdxZNFTnEPcvXcatiwZKRPoLyMOtTppiA4LFrONFI7LqO/WlRyxCAL/Ks/nlXVdp0/Z/3V0QHZcaT9DmXuBhw=="
    }
  }
}